PODS:
  - Alamofire (5.6.4)
  - Moya (15.0.0):
    - Moya/Core (= 15.0.0)
  - Moya/Core (15.0.0):
    - Alamofire (~> 5.0)
  - R.swift (7.3.0)
  - SwiftLint (0.50.3)

DEPENDENCIES:
  - Moya
  - R.swift
  - SwiftLint

SPEC REPOS:
  trunk:
    - Alamofire
    - Moya
    - R.swift
    - SwiftLint

SPEC CHECKSUMS:
  Alamofire: 4e95d97098eacb88856099c4fc79b526a299e48c
  Moya: 138f0573e53411fb3dc17016add0b748dfbd78ee
  R.swift: cef1c530541cb49412752721797f10dae6b32d11
  SwiftLint: 77f7cb2b9bb81ab4a12fcc86448ba3f11afa50c6

PODFILE CHECKSUM: 246d2e69f357ef942448d3067067300cbb5e841c

COCOAPODS: 1.11.3
