// !$*UTF8*$!
{
	archiveVersion = 1;
	classes = {
	};
	objectVersion = 55;
	objects = {

/* Begin PBXBuildFile section */
		48CC1BD629D624300064EE47 /* AppDelegate.swift in Sources */ = {isa = PBXBuildFile; fileRef = 48CC1BD529D624300064EE47 /* AppDelegate.swift */; };
		48CC1BD829D624300064EE47 /* SceneDelegate.swift in Sources */ = {isa = PBXBuildFile; fileRef = 48CC1BD729D624300064EE47 /* SceneDelegate.swift */; };
		48CC1BDA29D624300064EE47 /* ViewController.swift in Sources */ = {isa = PBXBuildFile; fileRef = 48CC1BD929D624300064EE47 /* ViewController.swift */; };
		48CC1BDD29D624300064EE47 /* Main.storyboard in Resources */ = {isa = PBXBuildFile; fileRef = 48CC1BDB29D624300064EE47 /* Main.storyboard */; };
		48CC1BDF29D624310064EE47 /* Assets.xcassets in Resources */ = {isa = PBXBuildFile; fileRef = 48CC1BDE29D624310064EE47 /* Assets.xcassets */; };
		48CC1BE229D624310064EE47 /* LaunchScreen.storyboard in Resources */ = {isa = PBXBuildFile; fileRef = 48CC1BE029D624310064EE47 /* LaunchScreen.storyboard */; };
		CC90F4A22DBD3B8557B9A566 /* Pods_PortfolioApp.framework in Frameworks */ = {isa = PBXBuildFile; fileRef = 0978E5D00C86301D8243B4CF /* Pods_PortfolioApp.framework */; };
/* End PBXBuildFile section */

/* Begin PBXFileReference section */
		0978E5D00C86301D8243B4CF /* Pods_PortfolioApp.framework */ = {isa = PBXFileReference; explicitFileType = wrapper.framework; includeInIndex = 0; path = Pods_PortfolioApp.framework; sourceTree = BUILT_PRODUCTS_DIR; };
		48CC1BD229D624300064EE47 /* PortfolioApp.app */ = {isa = PBXFileReference; explicitFileType = wrapper.application; includeInIndex = 0; path = PortfolioApp.app; sourceTree = BUILT_PRODUCTS_DIR; };
		48CC1BD529D624300064EE47 /* AppDelegate.swift */ = {isa = PBXFileReference; lastKnownFileType = sourcecode.swift; path = AppDelegate.swift; sourceTree = "<group>"; };
		48CC1BD729D624300064EE47 /* SceneDelegate.swift */ = {isa = PBXFileReference; lastKnownFileType = sourcecode.swift; path = SceneDelegate.swift; sourceTree = "<group>"; };
		48CC1BD929D624300064EE47 /* ViewController.swift */ = {isa = PBXFileReference; lastKnownFileType = sourcecode.swift; path = ViewController.swift; sourceTree = "<group>"; };
		48CC1BDC29D624300064EE47 /* Base */ = {isa = PBXFileReference; lastKnownFileType = file.storyboard; name = Base; path = Base.lproj/Main.storyboard; sourceTree = "<group>"; };
		48CC1BDE29D624310064EE47 /* Assets.xcassets */ = {isa = PBXFileReference; lastKnownFileType = folder.assetcatalog; path = Assets.xcassets; sourceTree = "<group>"; };
		48CC1BE129D624310064EE47 /* Base */ = {isa = PBXFileReference; lastKnownFileType = file.storyboard; name = Base; path = Base.lproj/LaunchScreen.storyboard; sourceTree = "<group>"; };
		48CC1BE329D624310064EE47 /* Info.plist */ = {isa = PBXFileReference; lastKnownFileType = text.plist.xml; path = Info.plist; sourceTree = "<group>"; };
		8E9A7A452FD65F9C85EA6A93 /* Pods-PortfolioApp.debug.xcconfig */ = {isa = PBXFileReference; includeInIndex = 1; lastKnownFileType = text.xcconfig; name = "Pods-PortfolioApp.debug.xcconfig"; path = "Target Support Files/Pods-PortfolioApp/Pods-PortfolioApp.debug.xcconfig"; sourceTree = "<group>"; };
		D78A86D5292BE1FA4C583292 /* Pods-PortfolioApp.release.xcconfig */ = {isa = PBXFileReference; includeInIndex = 1; lastKnownFileType = text.xcconfig; name = "Pods-PortfolioApp.release.xcconfig"; path = "Target Support Files/Pods-PortfolioApp/Pods-PortfolioApp.release.xcconfig"; sourceTree = "<group>"; };
/* End PBXFileReference section */

/* Begin PBXFrameworksBuildPhase section */
		48CC1BCF29D624300064EE47 /* Frameworks */ = {
			isa = PBXFrameworksBuildPhase;
			buildActionMask = 2147483647;
			files = (
				CC90F4A22DBD3B8557B9A566 /* Pods_PortfolioApp.framework in Frameworks */,
			);
			runOnlyForDeploymentPostprocessing = 0;
		};
/* End PBXFrameworksBuildPhase section */

/* Begin PBXGroup section */
		1BCC4168B807E9957C947F15 /* Frameworks */ = {
			isa = PBXGroup;
			children = (
				0978E5D00C86301D8243B4CF /* Pods_PortfolioApp.framework */,
			);
			name = Frameworks;
			sourceTree = "<group>";
		};
		27BDD74CE4F6641C346202C9 /* Pods */ = {
			isa = PBXGroup;
			children = (
				8E9A7A452FD65F9C85EA6A93 /* Pods-PortfolioApp.debug.xcconfig */,
				D78A86D5292BE1FA4C583292 /* Pods-PortfolioApp.release.xcconfig */,
			);
			path = Pods;
			sourceTree = "<group>";
		};
		48CC1BC929D624300064EE47 = {
			isa = PBXGroup;
			children = (
				48CC1BD429D624300064EE47 /* PortfolioApp */,
				48CC1BD329D624300064EE47 /* Products */,
				27BDD74CE4F6641C346202C9 /* Pods */,
				1BCC4168B807E9957C947F15 /* Frameworks */,
			);
			sourceTree = "<group>";
		};
		48CC1BD329D624300064EE47 /* Products */ = {
			isa = PBXGroup;
			children = (
				48CC1BD229D624300064EE47 /* PortfolioApp.app */,
			);
			name = Products;
			sourceTree = "<group>";
		};
		48CC1BD429D624300064EE47 /* PortfolioApp */ = {
			isa = PBXGroup;
			children = (
				48CC1BD529D624300064EE47 /* AppDelegate.swift */,
				48CC1BD729D624300064EE47 /* SceneDelegate.swift */,
				48CC1BD929D624300064EE47 /* ViewController.swift */,
				48CC1BDB29D624300064EE47 /* Main.storyboard */,
				48CC1BDE29D624310064EE47 /* Assets.xcassets */,
				48CC1BE029D624310064EE47 /* LaunchScreen.storyboard */,
				48CC1BE329D624310064EE47 /* Info.plist */,
			);
			path = PortfolioApp;
			sourceTree = "<group>";
		};
/* End PBXGroup section */

/* Begin PBXNativeTarget section */
		48CC1BD129D624300064EE47 /* PortfolioApp */ = {
			isa = PBXNativeTarget;
			buildConfigurationList = 48CC1BE629D624310064EE47 /* Build configuration list for PBXNativeTarget "PortfolioApp" */;
			buildPhases = (
				48BC2AA829D97C1F00BA0927 /* R.Swift */,
				AC1AACE09B63C3970EF1E37C /* [CP] Check Pods Manifest.lock */,
				48CC1BCE29D624300064EE47 /* Sources */,
				48CC1BCF29D624300064EE47 /* Frameworks */,
				48CC1BD029D624300064EE47 /* Resources */,
				48BC2AA729D9783500BA0927 /* SwiftLint */,
				365233A9E39F72AC9244A391 /* [CP] Embed Pods Frameworks */,
			);
			buildRules = (
			);
			dependencies = (
			);
			name = PortfolioApp;
			productName = PortfolioApp;
			productReference = 48CC1BD229D624300064EE47 /* PortfolioApp.app */;
			productType = "com.apple.product-type.application";
		};
/* End PBXNativeTarget section */

/* Begin PBXProject section */
		48CC1BCA29D624300064EE47 /* Project object */ = {
			isa = PBXProject;
			attributes = {
				BuildIndependentTargetsInParallel = 1;
				LastSwiftUpdateCheck = 1420;
				LastUpgradeCheck = 1420;
				TargetAttributes = {
					48CC1BD129D624300064EE47 = {
						CreatedOnToolsVersion = 14.2;
					};
				};
			};
			buildConfigurationList = 48CC1BCD29D624300064EE47 /* Build configuration list for PBXProject "PortfolioApp" */;
			compatibilityVersion = "Xcode 13.0";
			developmentRegion = en;
			hasScannedForEncodings = 0;
			knownRegions = (
				en,
				Base,
			);
			mainGroup = 48CC1BC929D624300064EE47;
			productRefGroup = 48CC1BD329D624300064EE47 /* Products */;
			projectDirPath = "";
			projectRoot = "";
			targets = (
				48CC1BD129D624300064EE47 /* PortfolioApp */,
			);
		};
/* End PBXProject section */

/* Begin PBXResourcesBuildPhase section */
		48CC1BD029D624300064EE47 /* Resources */ = {
			isa = PBXResourcesBuildPhase;
			buildActionMask = 2147483647;
			files = (
				48CC1BE229D624310064EE47 /* LaunchScreen.storyboard in Resources */,
				48CC1BDF29D624310064EE47 /* Assets.xcassets in Resources */,
				48CC1BDD29D624300064EE47 /* Main.storyboard in Resources */,
			);
			runOnlyForDeploymentPostprocessing = 0;
		};
/* End PBXResourcesBuildPhase section */

/* Begin PBXShellScriptBuildPhase section */
		365233A9E39F72AC9244A391 /* [CP] Embed Pods Frameworks */ = {
			isa = PBXShellScriptBuildPhase;
			buildActionMask = 2147483647;
			files = (
			);
			inputFileListPaths = (
				"${PODS_ROOT}/Target Support Files/Pods-PortfolioApp/Pods-PortfolioApp-frameworks-${CONFIGURATION}-input-files.xcfilelist",
			);
			name = "[CP] Embed Pods Frameworks";
			outputFileListPaths = (
				"${PODS_ROOT}/Target Support Files/Pods-PortfolioApp/Pods-PortfolioApp-frameworks-${CONFIGURATION}-output-files.xcfilelist",
			);
			runOnlyForDeploymentPostprocessing = 0;
			shellPath = /bin/sh;
			shellScript = "\"${PODS_ROOT}/Target Support Files/Pods-PortfolioApp/Pods-PortfolioApp-frameworks.sh\"\n";
			showEnvVarsInLog = 0;
		};
		48BC2AA729D9783500BA0927 /* SwiftLint */ = {
			isa = PBXShellScriptBuildPhase;
			buildActionMask = 2147483647;
			files = (
			);
			inputFileListPaths = (
			);
			inputPaths = (
			);
			name = SwiftLint;
			outputFileListPaths = (
			);
			outputPaths = (
			);
			runOnlyForDeploymentPostprocessing = 0;
			shellPath = /bin/sh;
			shellScript = "${PODS_ROOT}/SwiftLint/swiftlint\n";
		};
		48BC2AA829D97C1F00BA0927 /* R.Swift */ = {
			isa = PBXShellScriptBuildPhase;
			alwaysOutOfDate = 1;
			buildActionMask = 2147483647;
			files = (
			);
			inputFileListPaths = (
			);
			inputPaths = (
			);
			name = R.Swift;
			outputFileListPaths = (
			);
			outputPaths = (
				$SRCROOT/R.generated.swift,
			);
			runOnlyForDeploymentPostprocessing = 0;
			shellPath = /bin/sh;
			shellScript = "\"$PODS_ROOT/R.swift/rswift\" generate \"$SRCROOT/R.generated.swift\"\n";
		};
		AC1AACE09B63C3970EF1E37C /* [CP] Check Pods Manifest.lock */ = {
			isa = PBXShellScriptBuildPhase;
			buildActionMask = 2147483647;
			files = (
			);
			inputFileListPaths = (
			);
			inputPaths = (
				"${PODS_PODFILE_DIR_PATH}/Podfile.lock",
				"${PODS_ROOT}/Manifest.lock",
			);
			name = "[CP] Check Pods Manifest.lock";
			outputFileListPaths = (
			);
			outputPaths = (
				"$(DERIVED_FILE_DIR)/Pods-PortfolioApp-checkManifestLockResult.txt",
			);
			runOnlyForDeploymentPostprocessing = 0;
			shellPath = /bin/sh;
			shellScript = "diff \"${PODS_PODFILE_DIR_PATH}/Podfile.lock\" \"${PODS_ROOT}/Manifest.lock\" > /dev/null\nif [ $? != 0 ] ; then\n    # print error to STDERR\n    echo \"error: The sandbox is not in sync with the Podfile.lock. Run 'pod install' or update your CocoaPods installation.\" >&2\n    exit 1\nfi\n# This output is used by Xcode 'outputs' to avoid re-running this script phase.\necho \"SUCCESS\" > \"${SCRIPT_OUTPUT_FILE_0}\"\n";
			showEnvVarsInLog = 0;
		};
/* End PBXShellScriptBuildPhase section */

/* Begin PBXSourcesBuildPhase section */
		48CC1BCE29D624300064EE47 /* Sources */ = {
			isa = PBXSourcesBuildPhase;
			buildActionMask = 2147483647;
			files = (
				48CC1BDA29D624300064EE47 /* ViewController.swift in Sources */,
				48CC1BD629D624300064EE47 /* AppDelegate.swift in Sources */,
				48CC1BD829D624300064EE47 /* SceneDelegate.swift in Sources */,
			);
			runOnlyForDeploymentPostprocessing = 0;
		};
/* End PBXSourcesBuildPhase section */

/* Begin PBXVariantGroup section */
		48CC1BDB29D624300064EE47 /* Main.storyboard */ = {
			isa = PBXVariantGroup;
			children = (
				48CC1BDC29D624300064EE47 /* Base */,
			);
			name = Main.storyboard;
			sourceTree = "<group>";
		};
		48CC1BE029D624310064EE47 /* LaunchScreen.storyboard */ = {
			isa = PBXVariantGroup;
			children = (
				48CC1BE129D624310064EE47 /* Base */,
			);
			name = LaunchScreen.storyboard;
			sourceTree = "<group>";
		};
/* End PBXVariantGroup section */

/* Begin XCBuildConfiguration section */
		48CC1BE429D624310064EE47 /* Debug */ = {
			isa = XCBuildConfiguration;
			buildSettings = {
				ALWAYS_SEARCH_USER_PATHS = NO;
				CLANG_ANALYZER_NONNULL = YES;
				CLANG_ANALYZER_NUMBER_OBJECT_CONVERSION = YES_AGGRESSIVE;
				CLANG_CXX_LANGUAGE_STANDARD = "gnu++20";
				CLANG_ENABLE_MODULES = YES;
				CLANG_ENABLE_OBJC_ARC = YES;
				CLANG_ENABLE_OBJC_WEAK = YES;
				CLANG_WARN_BLOCK_CAPTURE_AUTORELEASING = YES;
				CLANG_WARN_BOOL_CONVERSION = YES;
				CLANG_WARN_COMMA = YES;
				CLANG_WARN_CONSTANT_CONVERSION = YES;
				CLANG_WARN_DEPRECATED_OBJC_IMPLEMENTATIONS = YES;
				CLANG_WARN_DIRECT_OBJC_ISA_USAGE = YES_ERROR;
				CLANG_WARN_DOCUMENTATION_COMMENTS = YES;
				CLANG_WARN_EMPTY_BODY = YES;
				CLANG_WARN_ENUM_CONVERSION = YES;
				CLANG_WARN_INFINITE_RECURSION = YES;
				CLANG_WARN_INT_CONVERSION = YES;
				CLANG_WARN_NON_LITERAL_NULL_CONVERSION = YES;
				CLANG_WARN_OBJC_IMPLICIT_RETAIN_SELF = YES;
				CLANG_WARN_OBJC_LITERAL_CONVERSION = YES;
				CLANG_WARN_OBJC_ROOT_CLASS = YES_ERROR;
				CLANG_WARN_QUOTED_INCLUDE_IN_FRAMEWORK_HEADER = YES;
				CLANG_WARN_RANGE_LOOP_ANALYSIS = YES;
				CLANG_WARN_STRICT_PROTOTYPES = YES;
				CLANG_WARN_SUSPICIOUS_MOVE = YES;
				CLANG_WARN_UNGUARDED_AVAILABILITY = YES_AGGRESSIVE;
				CLANG_WARN_UNREACHABLE_CODE = YES;
				CLANG_WARN__DUPLICATE_METHOD_MATCH = YES;
				COPY_PHASE_STRIP = NO;
				DEBUG_INFORMATION_FORMAT = dwarf;
				ENABLE_STRICT_OBJC_MSGSEND = YES;
				ENABLE_TESTABILITY = YES;
				GCC_C_LANGUAGE_STANDARD = gnu11;
				GCC_DYNAMIC_NO_PIC = NO;
				GCC_NO_COMMON_BLOCKS = YES;
				GCC_OPTIMIZATION_LEVEL = 0;
				GCC_PREPROCESSOR_DEFINITIONS = (
					"DEBUG=1",
					"$(inherited)",
				);
				GCC_WARN_64_TO_32_BIT_CONVERSION = YES;
				GCC_WARN_ABOUT_RETURN_TYPE = YES_ERROR;
				GCC_WARN_UNDECLARED_SELECTOR = YES;
				GCC_WARN_UNINITIALIZED_AUTOS = YES_AGGRESSIVE;
				GCC_WARN_UNUSED_FUNCTION = YES;
				GCC_WARN_UNUSED_VARIABLE = YES;
				IPHONEOS_DEPLOYMENT_TARGET = 14.0;
				MTL_ENABLE_DEBUG_INFO = INCLUDE_SOURCE;
				MTL_FAST_MATH = YES;
				ONLY_ACTIVE_ARCH = YES;
				SDKROOT = iphoneos;
				SWIFT_ACTIVE_COMPILATION_CONDITIONS = DEBUG;
				SWIFT_OPTIMIZATION_LEVEL = "-Onone";
			};
			name = Debug;
		};
		48CC1BE529D624310064EE47 /* Release */ = {
			isa = XCBuildConfiguration;
			buildSettings = {
				ALWAYS_SEARCH_USER_PATHS = NO;
				CLANG_ANALYZER_NONNULL = YES;
				CLANG_ANALYZER_NUMBER_OBJECT_CONVERSION = YES_AGGRESSIVE;
				CLANG_CXX_LANGUAGE_STANDARD = "gnu++20";
				CLANG_ENABLE_MODULES = YES;
				CLANG_ENABLE_OBJC_ARC = YES;
				CLANG_ENABLE_OBJC_WEAK = YES;
				CLANG_WARN_BLOCK_CAPTURE_AUTORELEASING = YES;
				CLANG_WARN_BOOL_CONVERSION = YES;
				CLANG_WARN_COMMA = YES;
				CLANG_WARN_CONSTANT_CONVERSION = YES;
				CLANG_WARN_DEPRECATED_OBJC_IMPLEMENTATIONS = YES;
				CLANG_WARN_DIRECT_OBJC_ISA_USAGE = YES_ERROR;
				CLANG_WARN_DOCUMENTATION_COMMENTS = YES;
				CLANG_WARN_EMPTY_BODY = YES;
				CLANG_WARN_ENUM_CONVERSION = YES;
				CLANG_WARN_INFINITE_RECURSION = YES;
				CLANG_WARN_INT_CONVERSION = YES;
				CLANG_WARN_NON_LITERAL_NULL_CONVERSION = YES;
				CLANG_WARN_OBJC_IMPLICIT_RETAIN_SELF = YES;
				CLANG_WARN_OBJC_LITERAL_CONVERSION = YES;
				CLANG_WARN_OBJC_ROOT_CLASS = YES_ERROR;
				CLANG_WARN_QUOTED_INCLUDE_IN_FRAMEWORK_HEADER = YES;
				CLANG_WARN_RANGE_LOOP_ANALYSIS = YES;
				CLANG_WARN_STRICT_PROTOTYPES = YES;
				CLANG_WARN_SUSPICIOUS_MOVE = YES;
				CLANG_WARN_UNGUARDED_AVAILABILITY = YES_AGGRESSIVE;
				CLANG_WARN_UNREACHABLE_CODE = YES;
				CLANG_WARN__DUPLICATE_METHOD_MATCH = YES;
				COPY_PHASE_STRIP = NO;
				DEBUG_INFORMATION_FORMAT = "dwarf-with-dsym";
				ENABLE_NS_ASSERTIONS = NO;
				ENABLE_STRICT_OBJC_MSGSEND = YES;
				GCC_C_LANGUAGE_STANDARD = gnu11;
				GCC_NO_COMMON_BLOCKS = YES;
				GCC_WARN_64_TO_32_BIT_CONVERSION = YES;
				GCC_WARN_ABOUT_RETURN_TYPE = YES_ERROR;
				GCC_WARN_UNDECLARED_SELECTOR = YES;
				GCC_WARN_UNINITIALIZED_AUTOS = YES_AGGRESSIVE;
				GCC_WARN_UNUSED_FUNCTION = YES;
				GCC_WARN_UNUSED_VARIABLE = YES;
				IPHONEOS_DEPLOYMENT_TARGET = 14.0;
				MTL_ENABLE_DEBUG_INFO = NO;
				MTL_FAST_MATH = YES;
				SDKROOT = iphoneos;
				SWIFT_COMPILATION_MODE = wholemodule;
				SWIFT_OPTIMIZATION_LEVEL = "-O";
				VALIDATE_PRODUCT = YES;
			};
			name = Release;
		};
		48CC1BE729D624310064EE47 /* Debug */ = {
			isa = XCBuildConfiguration;
			baseConfigurationReference = 8E9A7A452FD65F9C85EA6A93 /* Pods-PortfolioApp.debug.xcconfig */;
			buildSettings = {
				ASSETCATALOG_COMPILER_APPICON_NAME = AppIcon;
				ASSETCATALOG_COMPILER_GLOBAL_ACCENT_COLOR_NAME = AccentColor;
				CODE_SIGN_STYLE = Automatic;
				CURRENT_PROJECT_VERSION = 1;
				DEVELOPMENT_TEAM = 59HT9UJH46;
				GENERATE_INFOPLIST_FILE = YES;
				INFOPLIST_FILE = PortfolioApp/Info.plist;
				INFOPLIST_KEY_UIApplicationSupportsIndirectInputEvents = YES;
				INFOPLIST_KEY_UILaunchStoryboardName = LaunchScreen;
				INFOPLIST_KEY_UIMainStoryboardFile = Main;
				INFOPLIST_KEY_UISupportedInterfaceOrientations = UIInterfaceOrientationPortrait;
				INFOPLIST_KEY_UISupportedInterfaceOrientations_iPad = "UIInterfaceOrientationLandscapeLeft UIInterfaceOrientationLandscapeRight UIInterfaceOrientationPortrait UIInterfaceOrientationPortraitUpsideDown";
				IPHONEOS_DEPLOYMENT_TARGET = 14.0;
				LD_RUNPATH_SEARCH_PATHS = (
					"$(inherited)",
					"@executable_path/Frameworks",
				);
				MARKETING_VERSION = 1.0;
				PRODUCT_BUNDLE_IDENTIFIER = ua.yefimyakunin.PortfolioApp;
				PRODUCT_NAME = "$(TARGET_NAME)";
				SUPPORTED_PLATFORMS = "iphoneos iphonesimulator";
				SUPPORTS_MACCATALYST = NO;
				SUPPORTS_MAC_DESIGNED_FOR_IPHONE_IPAD = NO;
				SWIFT_EMIT_LOC_STRINGS = YES;
				SWIFT_VERSION = 5.0;
				TARGETED_DEVICE_FAMILY = 1;
			};
			name = Debug;
		};
		48CC1BE829D624310064EE47 /* Release */ = {
			isa = XCBuildConfiguration;
			baseConfigurationReference = D78A86D5292BE1FA4C583292 /* Pods-PortfolioApp.release.xcconfig */;
			buildSettings = {
				ASSETCATALOG_COMPILER_APPICON_NAME = AppIcon;
				ASSETCATALOG_COMPILER_GLOBAL_ACCENT_COLOR_NAME = AccentColor;
				CODE_SIGN_STYLE = Automatic;
				CURRENT_PROJECT_VERSION = 1;
				DEVELOPMENT_TEAM = 59HT9UJH46;
				GENERATE_INFOPLIST_FILE = YES;
				INFOPLIST_FILE = PortfolioApp/Info.plist;
				INFOPLIST_KEY_UIApplicationSupportsIndirectInputEvents = YES;
				INFOPLIST_KEY_UILaunchStoryboardName = LaunchScreen;
				INFOPLIST_KEY_UIMainStoryboardFile = Main;
				INFOPLIST_KEY_UISupportedInterfaceOrientations = UIInterfaceOrientationPortrait;
				INFOPLIST_KEY_UISupportedInterfaceOrientations_iPad = "UIInterfaceOrientationLandscapeLeft UIInterfaceOrientationLandscapeRight UIInterfaceOrientationPortrait UIInterfaceOrientationPortraitUpsideDown";
				IPHONEOS_DEPLOYMENT_TARGET = 14.0;
				LD_RUNPATH_SEARCH_PATHS = (
					"$(inherited)",
					"@executable_path/Frameworks",
				);
				MARKETING_VERSION = 1.0;
				PRODUCT_BUNDLE_IDENTIFIER = ua.yefimyakunin.PortfolioApp;
				PRODUCT_NAME = "$(TARGET_NAME)";
				SUPPORTED_PLATFORMS = "iphoneos iphonesimulator";
				SUPPORTS_MACCATALYST = NO;
				SUPPORTS_MAC_DESIGNED_FOR_IPHONE_IPAD = NO;
				SWIFT_EMIT_LOC_STRINGS = YES;
				SWIFT_VERSION = 5.0;
				TARGETED_DEVICE_FAMILY = 1;
			};
			name = Release;
		};
/* End XCBuildConfiguration section */

/* Begin XCConfigurationList section */
		48CC1BCD29D624300064EE47 /* Build configuration list for PBXProject "PortfolioApp" */ = {
			isa = XCConfigurationList;
			buildConfigurations = (
				48CC1BE429D624310064EE47 /* Debug */,
				48CC1BE529D624310064EE47 /* Release */,
			);
			defaultConfigurationIsVisible = 0;
			defaultConfigurationName = Release;
		};
		48CC1BE629D624310064EE47 /* Build configuration list for PBXNativeTarget "PortfolioApp" */ = {
			isa = XCConfigurationList;
			buildConfigurations = (
				48CC1BE729D624310064EE47 /* Debug */,
				48CC1BE829D624310064EE47 /* Release */,
			);
			defaultConfigurationIsVisible = 0;
			defaultConfigurationName = Release;
		};
/* End XCConfigurationList section */
	};
	rootObject = 48CC1BCA29D624300064EE47 /* Project object */;
}
